
Microsoft Visual Studio Solution File, Format Version 12.00
# Visual Studio Version 17
VisualStudioVersion = 17.0.32014.148
MinimumVisualStudioVersion = 10.0.40219.1
Project("{FAE04EC0-301F-11D3-BF4B-00C04F79EFBC}") = "React_Test_App", "React_Test_App.csproj", "{8BB2051C-E0F6-4ABF-BC3D-FBD238FC267B}"
EndProject
Global
	GlobalSection(SolutionConfigurationPlatforms) = preSolution
		Debug|Any CPU = Debug|Any CPU
		Release|Any CPU = Release|Any CPU
	EndGlobalSection
	GlobalSection(ProjectConfigurationPlatforms) = postSolution
		{8BB2051C-E0F6-4ABF-BC3D-FBD238FC267B}.Debug|Any CPU.ActiveCfg = Debug|Any CPU
		{8BB2051C-E0F6-4ABF-BC3D-FBD238FC267B}.Debug|Any CPU.Build.0 = Debug|Any CPU
		{8BB2051C-E0F6-4ABF-BC3D-FBD238FC267B}.Release|Any CPU.ActiveCfg = Release|Any CPU
		{8BB2051C-E0F6-4ABF-BC3D-FBD238FC267B}.Release|Any CPU.Build.0 = Release|Any CPU
	EndGlobalSection
	GlobalSection(SolutionProperties) = preSolution
		HideSolutionNode = FALSE
	EndGlobalSection
	GlobalSection(ExtensibilityGlobals) = postSolution
		SolutionGuid = {0C7F5AC9-8B8F-4C6A-BBF6-BAA83C8D7A82}
	EndGlobalSection
EndGlobal
